// !$*UTF8*$!
{
	archiveVersion = 1;
	classes = {
	};
	objectVersion = 50;
	objects = {

/* Begin PBXBuildFile section */
		3F8739FD23F67810002D6C74 /* AppDelegate.m in Sources */ = {isa = PBXBuildFile; fileRef = 3F8739FC23F67810002D6C74 /* AppDelegate.m */; };
		3F873A0023F67810002D6C74 /* SceneDelegate.m in Sources */ = {isa = PBXBuildFile; fileRef = 3F8739FF23F67810002D6C74 /* SceneDelegate.m */; };
		3F873A0323F67810002D6C74 /* ViewController.m in Sources */ = {isa = PBXBuildFile; fileRef = 3F873A0223F67810002D6C74 /* ViewController.m */; };
		3F873A0623F67810002D6C74 /* Main.storyboard in Resources */ = {isa = PBXBuildFile; fileRef = 3F873A0423F67810002D6C74 /* Main.storyboard */; };
		3F873A0823F67836002D6C74 /* Assets.xcassets in Resources */ = {isa = PBXBuildFile; fileRef = 3F873A0723F67836002D6C74 /* Assets.xcassets */; };
		3F873A0B23F67836002D6C74 /* LaunchScreen.storyboard in Resources */ = {isa = PBXBuildFile; fileRef = 3F873A0923F67836002D6C74 /* LaunchScreen.storyboard */; };
		3F873A0E23F67836002D6C74 /* main.m in Sources */ = {isa = PBXBuildFile; fileRef = 3F873A0D23F67836002D6C74 /* main.m */; };
		3F873A1623F678A4002D6C74 /* TransportLayer.m in Sources */ = {isa = PBXBuildFile; fileRef = 3F873A1523F678A4002D6C74 /* TransportLayer.m */; };
/* End PBXBuildFile section */

/* Begin PBXFileReference section */
		3F8739F823F67810002D6C74 /* GoeCoder.app */ = {isa = PBXFileReference; explicitFileType = wrapper.application; includeInIndex = 0; path = GoeCoder.app; sourceTree = BUILT_PRODUCTS_DIR; };
		3F8739FB23F67810002D6C74 /* AppDelegate.h */ = {isa = PBXFileReference; lastKnownFileType = sourcecode.c.h; path = AppDelegate.h; sourceTree = "<group>"; };
		3F8739FC23F67810002D6C74 /* AppDelegate.m */ = {isa = PBXFileReference; lastKnownFileType = sourcecode.c.objc; path = AppDelegate.m; sourceTree = "<group>"; };
		3F8739FE23F67810002D6C74 /* SceneDelegate.h */ = {isa = PBXFileReference; lastKnownFileType = sourcecode.c.h; path = SceneDelegate.h; sourceTree = "<group>"; };
		3F8739FF23F67810002D6C74 /* SceneDelegate.m */ = {isa = PBXFileReference; lastKnownFileType = sourcecode.c.objc; path = SceneDelegate.m; sourceTree = "<group>"; };
		3F873A0123F67810002D6C74 /* ViewController.h */ = {isa = PBXFileReference; lastKnownFileType = sourcecode.c.h; path = ViewController.h; sourceTree = "<group>"; };
		3F873A0223F67810002D6C74 /* ViewController.m */ = {isa = PBXFileReference; lastKnownFileType = sourcecode.c.objc; path = ViewController.m; sourceTree = "<group>"; };
		3F873A0523F67810002D6C74 /* Base */ = {isa = PBXFileReference; lastKnownFileType = file.storyboard; name = Base; path = Base.lproj/Main.storyboard; sourceTree = "<group>"; };
		3F873A0723F67836002D6C74 /* Assets.xcassets */ = {isa = PBXFileReference; lastKnownFileType = folder.assetcatalog; path = Assets.xcassets; sourceTree = "<group>"; };
		3F873A0A23F67836002D6C74 /* Base */ = {isa = PBXFileReference; lastKnownFileType = file.storyboard; name = Base; path = Base.lproj/LaunchScreen.storyboard; sourceTree = "<group>"; };
		3F873A0C23F67836002D6C74 /* Info.plist */ = {isa = PBXFileReference; lastKnownFileType = text.plist.xml; path = Info.plist; sourceTree = "<group>"; };
		3F873A0D23F67836002D6C74 /* main.m */ = {isa = PBXFileReference; lastKnownFileType = sourcecode.c.objc; path = main.m; sourceTree = "<group>"; };
		3F873A1423F678A4002D6C74 /* TransportLayer.h */ = {isa = PBXFileReference; lastKnownFileType = sourcecode.c.h; path = TransportLayer.h; sourceTree = "<group>"; };
		3F873A1523F678A4002D6C74 /* TransportLayer.m */ = {isa = PBXFileReference; lastKnownFileType = sourcecode.c.objc; path = TransportLayer.m; sourceTree = "<group>"; };
/* End PBXFileReference section */

/* Begin PBXFrameworksBuildPhase section */
		3F8739F523F67810002D6C74 /* Frameworks */ = {
			isa = PBXFrameworksBuildPhase;
			buildActionMask = 2147483647;
			files = (
			);
			runOnlyForDeploymentPostprocessing = 0;
		};
/* End PBXFrameworksBuildPhase section */

/* Begin PBXGroup section */
		3F8739EF23F6780F002D6C74 = {
			isa = PBXGroup;
			children = (
				3F8739FA23F67810002D6C74 /* GoeCoder */,
				3F8739F923F67810002D6C74 /* Products */,
			);
			sourceTree = "<group>";
		};
		3F8739F923F67810002D6C74 /* Products */ = {
			isa = PBXGroup;
			children = (
				3F8739F823F67810002D6C74 /* GoeCoder.app */,
			);
			name = Products;
			sourceTree = "<group>";
		};
		3F8739FA23F67810002D6C74 /* GoeCoder */ = {
			isa = PBXGroup;
			children = (
				3F8739FB23F67810002D6C74 /* AppDelegate.h */,
				3F8739FC23F67810002D6C74 /* AppDelegate.m */,
				3F8739FE23F67810002D6C74 /* SceneDelegate.h */,
				3F8739FF23F67810002D6C74 /* SceneDelegate.m */,
				3F873A0123F67810002D6C74 /* ViewController.h */,
				3F873A0223F67810002D6C74 /* ViewController.m */,
				3F873A0423F67810002D6C74 /* Main.storyboard */,
				3F873A1423F678A4002D6C74 /* TransportLayer.h */,
				3F873A1523F678A4002D6C74 /* TransportLayer.m */,
				3F873A0723F67836002D6C74 /* Assets.xcassets */,
				3F873A0923F67836002D6C74 /* LaunchScreen.storyboard */,
				3F873A0C23F67836002D6C74 /* Info.plist */,
				3F873A0D23F67836002D6C74 /* main.m */,
			);
			path = GoeCoder;
			sourceTree = "<group>";
		};
/* End PBXGroup section */

/* Begin PBXNativeTarget section */
		3F8739F723F67810002D6C74 /* GoeCoder */ = {
			isa = PBXNativeTarget;
			buildConfigurationList = 3F873A1123F67836002D6C74 /* Build configuration list for PBXNativeTarget "GoeCoder" */;
			buildPhases = (
				3F8739F423F67810002D6C74 /* Sources */,
				3F8739F523F67810002D6C74 /* Frameworks */,
				3F8739F623F67810002D6C74 /* Resources */,
			);
			buildRules = (
			);
			dependencies = (
			);
			name = GoeCoder;
			productName = GoeCoder;
			productReference = 3F8739F823F67810002D6C74 /* GoeCoder.app */;
			productType = "com.apple.product-type.application";
		};
/* End PBXNativeTarget section */

/* Begin PBXProject section */
		3F8739F023F6780F002D6C74 /* Project object */ = {
			isa = PBXProject;
			attributes = {
				LastUpgradeCheck = 1120;
				ORGANIZATIONNAME = Student;
				TargetAttributes = {
					3F8739F723F67810002D6C74 = {
						CreatedOnToolsVersion = 11.2.1;
					};
				};
			};
			buildConfigurationList = 3F8739F323F67810002D6C74 /* Build configuration list for PBXProject "GoeCoder" */;
			compatibilityVersion = "Xcode 9.3";
			developmentRegion = en;
			hasScannedForEncodings = 0;
			knownRegions = (
				en,
				Base,
			);
			mainGroup = 3F8739EF23F6780F002D6C74;
			productRefGroup = 3F8739F923F67810002D6C74 /* Products */;
			projectDirPath = "";
			projectRoot = "";
			targets = (
				3F8739F723F67810002D6C74 /* GoeCoder */,
			);
		};
/* End PBXProject section */

/* Begin PBXResourcesBuildPhase section */
		3F8739F623F67810002D6C74 /* Resources */ = {
			isa = PBXResourcesBuildPhase;
			buildActionMask = 2147483647;
			files = (
				3F873A0B23F67836002D6C74 /* LaunchScreen.storyboard in Resources */,
				3F873A0823F67836002D6C74 /* Assets.xcassets in Resources */,
				3F873A0623F67810002D6C74 /* Main.storyboard in Resources */,
			);
			runOnlyForDeploymentPostprocessing = 0;
		};
/* End PBXResourcesBuildPhase section */

/* Begin PBXSourcesBuildPhase section */
		3F8739F423F67810002D6C74 /* Sources */ = {
			isa = PBXSourcesBuildPhase;
			buildActionMask = 2147483647;
			files = (
				3F873A1623F678A4002D6C74 /* TransportLayer.m in Sources */,
				3F873A0323F67810002D6C74 /* ViewController.m in Sources */,
				3F8739FD23F67810002D6C74 /* AppDelegate.m in Sources */,
				3F873A0E23F67836002D6C74 /* main.m in Sources */,
				3F873A0023F67810002D6C74 /* SceneDelegate.m in Sources */,
			);
			runOnlyForDeploymentPostprocessing = 0;
		};
/* End PBXSourcesBuildPhase section */

/* Begin PBXVariantGroup section */
		3F873A0423F67810002D6C74 /* Main.storyboard */ = {
			isa = PBXVariantGroup;
			children = (
				3F873A0523F67810002D6C74 /* Base */,
			);
			name = Main.storyboard;
			sourceTree = "<group>";
		};
		3F873A0923F67836002D6C74 /* LaunchScreen.storyboard */ = {
			isa = PBXVariantGroup;
			children = (
				3F873A0A23F67836002D6C74 /* Base */,
			);
			name = LaunchScreen.storyboard;
			sourceTree = "<group>";
		};
/* End PBXVariantGroup section */

/* Begin XCBuildConfiguration section */
		3F873A0F23F67836002D6C74 /* Debug */ = {
			isa = XCBuildConfiguration;
			buildSettings = {
				ALWAYS_SEARCH_USER_PATHS = NO;
				CLANG_ANALYZER_NONNULL = YES;
				CLANG_ANALYZER_NUMBER_OBJECT_CONVERSION = YES_AGGRESSIVE;
				CLANG_CXX_LANGUAGE_STANDARD = "gnu++14";
				CLANG_CXX_LIBRARY = "libc++";
				CLANG_ENABLE_MODULES = YES;
				CLANG_ENABLE_OBJC_ARC = YES;
				CLANG_ENABLE_OBJC_WEAK = YES;
				CLANG_WARN_BLOCK_CAPTURE_AUTORELEASING = YES;
				CLANG_WARN_BOOL_CONVERSION = YES;
				CLANG_WARN_COMMA = YES;
				CLANG_WARN_CONSTANT_CONVERSION = YES;
				CLANG_WARN_DEPRECATED_OBJC_IMPLEMENTATIONS = YES;
				CLANG_WARN_DIRECT_OBJC_ISA_USAGE = YES_ERROR;
				CLANG_WARN_DOCUMENTATION_COMMENTS = YES;
				CLANG_WARN_EMPTY_BODY = YES;
				CLANG_WARN_ENUM_CONVERSION = YES;
				CLANG_WARN_INFINITE_RECURSION = YES;
				CLANG_WARN_INT_CONVERSION = YES;
				CLANG_WARN_NON_LITERAL_NULL_CONVERSION = YES;
				CLANG_WARN_OBJC_IMPLICIT_RETAIN_SELF = YES;
				CLANG_WARN_OBJC_LITERAL_CONVERSION = YES;
				CLANG_WARN_OBJC_ROOT_CLASS = YES_ERROR;
				CLANG_WARN_RANGE_LOOP_ANALYSIS = YES;
				CLANG_WARN_STRICT_PROTOTYPES = YES;
				CLANG_WARN_SUSPICIOUS_MOVE = YES;
				CLANG_WARN_UNGUARDED_AVAILABILITY = YES_AGGRESSIVE;
				CLANG_WARN_UNREACHABLE_CODE = YES;
				CLANG_WARN__DUPLICATE_METHOD_MATCH = YES;
				COPY_PHASE_STRIP = NO;
				DEBUG_INFORMATION_FORMAT = dwarf;
				ENABLE_STRICT_OBJC_MSGSEND = YES;
				ENABLE_TESTABILITY = YES;
				GCC_C_LANGUAGE_STANDARD = gnu11;
				GCC_DYNAMIC_NO_PIC = NO;
				GCC_NO_COMMON_BLOCKS = YES;
				GCC_OPTIMIZATION_LEVEL = 0;
				GCC_PREPROCESSOR_DEFINITIONS = (
					"DEBUG=1",
					"$(inherited)",
				);
				GCC_WARN_64_TO_32_BIT_CONVERSION = YES;
				GCC_WARN_ABOUT_RETURN_TYPE = YES_ERROR;
				GCC_WARN_UNDECLARED_SELECTOR = YES;
				GCC_WARN_UNINITIALIZED_AUTOS = YES_AGGRESSIVE;
				GCC_WARN_UNUSED_FUNCTION = YES;
				GCC_WARN_UNUSED_VARIABLE = YES;
				IPHONEOS_DEPLOYMENT_TARGET = 13.2;
				MTL_ENABLE_DEBUG_INFO = INCLUDE_SOURCE;
				MTL_FAST_MATH = YES;
				ONLY_ACTIVE_ARCH = YES;
				SDKROOT = iphoneos;
			};
			name = Debug;
		};
		3F873A1023F67836002D6C74 /* Release */ = {
			isa = XCBuildConfiguration;
			buildSettings = {
				ALWAYS_SEARCH_USER_PATHS = NO;
				CLANG_ANALYZER_NONNULL = YES;
				CLANG_ANALYZER_NUMBER_OBJECT_CONVERSION = YES_AGGRESSIVE;
				CLANG_CXX_LANGUAGE_STANDARD = "gnu++14";
				CLANG_CXX_LIBRARY = "libc++";
				CLANG_ENABLE_MODULES = YES;
				CLANG_ENABLE_OBJC_ARC = YES;
				CLANG_ENABLE_OBJC_WEAK = YES;
				CLANG_WARN_BLOCK_CAPTURE_AUTORELEASING = YES;
				CLANG_WARN_BOOL_CONVERSION = YES;
				CLANG_WARN_COMMA = YES;
				CLANG_WARN_CONSTANT_CONVERSION = YES;
				CLANG_WARN_DEPRECATED_OBJC_IMPLEMENTATIONS = YES;
				CLANG_WARN_DIRECT_OBJC_ISA_USAGE = YES_ERROR;
				CLANG_WARN_DOCUMENTATION_COMMENTS = YES;
				CLANG_WARN_EMPTY_BODY = YES;
				CLANG_WARN_ENUM_CONVERSION = YES;
				CLANG_WARN_INFINITE_RECURSION = YES;
				CLANG_WARN_INT_CONVERSION = YES;
				CLANG_WARN_NON_LITERAL_NULL_CONVERSION = YES;
				CLANG_WARN_OBJC_IMPLICIT_RETAIN_SELF = YES;
				CLANG_WARN_OBJC_LITERAL_CONVERSION = YES;
				CLANG_WARN_OBJC_ROOT_CLASS = YES_ERROR;
				CLANG_WARN_RANGE_LOOP_ANALYSIS = YES;
				CLANG_WARN_STRICT_PROTOTYPES = YES;
				CLANG_WARN_SUSPICIOUS_MOVE = YES;
				CLANG_WARN_UNGUARDED_AVAILABILITY = YES_AGGRESSIVE;
				CLANG_WARN_UNREACHABLE_CODE = YES;
				CLANG_WARN__DUPLICATE_METHOD_MATCH = YES;
				COPY_PHASE_STRIP = NO;
				DEBUG_INFORMATION_FORMAT = "dwarf-with-dsym";
				ENABLE_NS_ASSERTIONS = NO;
				ENABLE_STRICT_OBJC_MSGSEND = YES;
				GCC_C_LANGUAGE_STANDARD = gnu11;
				GCC_NO_COMMON_BLOCKS = YES;
				GCC_WARN_64_TO_32_BIT_CONVERSION = YES;
				GCC_WARN_ABOUT_RETURN_TYPE = YES_ERROR;
				GCC_WARN_UNDECLARED_SELECTOR = YES;
				GCC_WARN_UNINITIALIZED_AUTOS = YES_AGGRESSIVE;
				GCC_WARN_UNUSED_FUNCTION = YES;
				GCC_WARN_UNUSED_VARIABLE = YES;
				IPHONEOS_DEPLOYMENT_TARGET = 13.2;
				MTL_ENABLE_DEBUG_INFO = NO;
				MTL_FAST_MATH = YES;
				SDKROOT = iphoneos;
				VALIDATE_PRODUCT = YES;
			};
			name = Release;
		};
		3F873A1223F67836002D6C74 /* Debug */ = {
			isa = XCBuildConfiguration;
			buildSettings = {
				ASSETCATALOG_COMPILER_APPICON_NAME = AppIcon;
				CODE_SIGN_STYLE = Automatic;
				INFOPLIST_FILE = GoeCoder/Info.plist;
				LD_RUNPATH_SEARCH_PATHS = (
					"$(inherited)",
					"@executable_path/Frameworks",
				);
				PRODUCT_BUNDLE_IDENTIFIER = smolgu.GoeCoder;
				PRODUCT_NAME = "$(TARGET_NAME)";
				TARGETED_DEVICE_FAMILY = "1,2";
			};
			name = Debug;
		};
		3F873A1323F67836002D6C74 /* Release */ = {
			isa = XCBuildConfiguration;
			buildSettings = {
				ASSETCATALOG_COMPILER_APPICON_NAME = AppIcon;
				CODE_SIGN_STYLE = Automatic;
				INFOPLIST_FILE = GoeCoder/Info.plist;
				LD_RUNPATH_SEARCH_PATHS = (
					"$(inherited)",
					"@executable_path/Frameworks",
				);
				PRODUCT_BUNDLE_IDENTIFIER = smolgu.GoeCoder;
				PRODUCT_NAME = "$(TARGET_NAME)";
				TARGETED_DEVICE_FAMILY = "1,2";
			};
			name = Release;
		};
/* End XCBuildConfiguration section */

/* Begin XCConfigurationList section */
		3F8739F323F67810002D6C74 /* Build configuration list for PBXProject "GoeCoder" */ = {
			isa = XCConfigurationList;
			buildConfigurations = (
				3F873A0F23F67836002D6C74 /* Debug */,
				3F873A1023F67836002D6C74 /* Release */,
			);
			defaultConfigurationIsVisible = 0;
			defaultConfigurationName = Release;
		};
		3F873A1123F67836002D6C74 /* Build configuration list for PBXNativeTarget "GoeCoder" */ = {
			isa = XCConfigurationList;
			buildConfigurations = (
				3F873A1223F67836002D6C74 /* Debug */,
				3F873A1323F67836002D6C74 /* Release */,
			);
			defaultConfigurationIsVisible = 0;
			defaultConfigurationName = Release;
		};
/* End XCConfigurationList section */
	};
	rootObject = 3F8739F023F6780F002D6C74 /* Project object */;
}
